
Microsoft Visual Studio Solution File, Format Version 12.00
# Visual Studio Version 17
VisualStudioVersion = 17.12.35323.107
MinimumVisualStudioVersion = 10.0.40219.1
Project("{2150E333-8FDC-42A3-9474-1A3956D46DE8}") = "src", "src", "{1BE4B0C6-B11F-43DD-AA67-023D586041BA}"
EndProject
Project("{FAE04EC0-301F-11D3-BF4B-00C04F79EFBC}") = "JobPostingService", "src\JobPostingService\JobPostingService.csproj", "{982C6003-301C-4254-BC95-E9D4E4744C60}"
EndProject
Project("{2150E333-8FDC-42A3-9474-1A3956D46DE8}") = "Solution Items", "Solution Items", "{C8AD5317-7E3D-415B-BEB5-BA496885293C}"
	ProjectSection(SolutionItems) = preProject
		.editorconfig = .editorconfig
		docker-compose.yml = docker-compose.yml
	EndProjectSection
EndProject
Global
	GlobalSection(SolutionConfigurationPlatforms) = preSolution
		Debug|Any CPU = Debug|Any CPU
		Debug|x64 = Debug|x64
		Debug|x86 = Debug|x86
		Release|Any CPU = Release|Any CPU
		Release|x64 = Release|x64
		Release|x86 = Release|x86
	EndGlobalSection
	GlobalSection(ProjectConfigurationPlatforms) = postSolution
		{982C6003-301C-4254-BC95-E9D4E4744C60}.Debug|Any CPU.ActiveCfg = Debug|Any CPU
		{982C6003-301C-4254-BC95-E9D4E4744C60}.Debug|Any CPU.Build.0 = Debug|Any CPU
		{982C6003-301C-4254-BC95-E9D4E4744C60}.Debug|x64.ActiveCfg = Debug|Any CPU
		{982C6003-301C-4254-BC95-E9D4E4744C60}.Debug|x64.Build.0 = Debug|Any CPU
		{982C6003-301C-4254-BC95-E9D4E4744C60}.Debug|x86.ActiveCfg = Debug|Any CPU
		{982C6003-301C-4254-BC95-E9D4E4744C60}.Debug|x86.Build.0 = Debug|Any CPU
		{982C6003-301C-4254-BC95-E9D4E4744C60}.Release|Any CPU.ActiveCfg = Release|Any CPU
		{982C6003-301C-4254-BC95-E9D4E4744C60}.Release|Any CPU.Build.0 = Release|Any CPU
		{982C6003-301C-4254-BC95-E9D4E4744C60}.Release|x64.ActiveCfg = Release|Any CPU
		{982C6003-301C-4254-BC95-E9D4E4744C60}.Release|x64.Build.0 = Release|Any CPU
		{982C6003-301C-4254-BC95-E9D4E4744C60}.Release|x86.ActiveCfg = Release|Any CPU
		{982C6003-301C-4254-BC95-E9D4E4744C60}.Release|x86.Build.0 = Release|Any CPU
	EndGlobalSection
	GlobalSection(SolutionProperties) = preSolution
		HideSolutionNode = FALSE
	EndGlobalSection
	GlobalSection(NestedProjects) = preSolution
		{982C6003-301C-4254-BC95-E9D4E4744C60} = {1BE4B0C6-B11F-43DD-AA67-023D586041BA}
	EndGlobalSection
	GlobalSection(ExtensibilityGlobals) = postSolution
		SolutionGuid = {0100FC12-04BB-48F3-8F8E-5E7410F31DD3}
	EndGlobalSection
EndGlobal
