
Microsoft Visual Studio Solution File, Format Version 12.00
# Visual Studio Version 17
VisualStudioVersion = 17.12.35323.107
MinimumVisualStudioVersion = 10.0.40219.1
Project("{2150E333-8FDC-42A3-9474-1A3956D46DE8}") = "src", "src", "{1BE4B0C6-B11F-43DD-AA67-023D586041BA}"
EndProject
Project("{FAE04EC0-301F-11D3-BF4B-00C04F79EFBC}") = "JobPostingService", "src\JobPostingService\JobPostingService.csproj", "{982C6003-301C-4254-BC95-E9D4E4744C60}"
EndProject
Project("{2150E333-8FDC-42A3-9474-1A3956D46DE8}") = "Solution Items", "Solution Items", "{C8AD5317-7E3D-415B-BEB5-BA496885293C}"
	ProjectSection(SolutionItems) = preProject
		.editorconfig = .editorconfig
		docker-compose.yml = docker-compose.yml
	EndProjectSection
EndProject
Project("{FAE04EC0-301F-11D3-BF4B-00C04F79EFBC}") = "SearchService", "src\SearchService\SearchService.csproj", "{433B2851-C698-4878-9F9A-2639E307AE85}"
EndProject
Project("{FAE04EC0-301F-11D3-BF4B-00C04F79EFBC}") = "Contracts", "src\Contracts\Contracts.csproj", "{0299173E-54FE-4138-BC96-FE9A3E2C17A4}"
EndProject
Project("{FAE04EC0-301F-11D3-BF4B-00C04F79EFBC}") = "IdentityService", "src\IdentityService\IdentityService.csproj", "{E3984094-D915-406A-9E93-6E07CFA103D6}"
EndProject
Project("{FAE04EC0-301F-11D3-BF4B-00C04F79EFBC}") = "GatewayService", "src\GatewayService\GatewayService.csproj", "{1B4E52F7-F9E3-40B2-8A39-15A7CC9C46BA}"
EndProject
Project("{2150E333-8FDC-42A3-9474-1A3956D46DE8}") = "tests", "tests", "{2A209F0A-D4CE-46CE-B5E5-19A40525A937}"
EndProject
Project("{FAE04EC0-301F-11D3-BF4B-00C04F79EFBC}") = "JobPostingService.UnitTests", "tests\JobPostingService.UnitTests\JobPostingService.UnitTests.csproj", "{A54A123D-93F5-44A2-BF92-22093E70E6FC}"
EndProject
Project("{FAE04EC0-301F-11D3-BF4B-00C04F79EFBC}") = "JobPostingService.IntegrationTests", "tests\JobPostingService.IntegrationTests\JobPostingService.IntegrationTests.csproj", "{A3F53AFE-DDC0-44A9-85C9-D5DC20609047}"
EndProject
Global
	GlobalSection(SolutionConfigurationPlatforms) = preSolution
		Debug|Any CPU = Debug|Any CPU
		Debug|x64 = Debug|x64
		Debug|x86 = Debug|x86
		Release|Any CPU = Release|Any CPU
		Release|x64 = Release|x64
		Release|x86 = Release|x86
	EndGlobalSection
	GlobalSection(ProjectConfigurationPlatforms) = postSolution
		{982C6003-301C-4254-BC95-E9D4E4744C60}.Debug|Any CPU.ActiveCfg = Debug|Any CPU
		{982C6003-301C-4254-BC95-E9D4E4744C60}.Debug|Any CPU.Build.0 = Debug|Any CPU
		{982C6003-301C-4254-BC95-E9D4E4744C60}.Debug|x64.ActiveCfg = Debug|Any CPU
		{982C6003-301C-4254-BC95-E9D4E4744C60}.Debug|x64.Build.0 = Debug|Any CPU
		{982C6003-301C-4254-BC95-E9D4E4744C60}.Debug|x86.ActiveCfg = Debug|Any CPU
		{982C6003-301C-4254-BC95-E9D4E4744C60}.Debug|x86.Build.0 = Debug|Any CPU
		{982C6003-301C-4254-BC95-E9D4E4744C60}.Release|Any CPU.ActiveCfg = Release|Any CPU
		{982C6003-301C-4254-BC95-E9D4E4744C60}.Release|Any CPU.Build.0 = Release|Any CPU
		{982C6003-301C-4254-BC95-E9D4E4744C60}.Release|x64.ActiveCfg = Release|Any CPU
		{982C6003-301C-4254-BC95-E9D4E4744C60}.Release|x64.Build.0 = Release|Any CPU
		{982C6003-301C-4254-BC95-E9D4E4744C60}.Release|x86.ActiveCfg = Release|Any CPU
		{982C6003-301C-4254-BC95-E9D4E4744C60}.Release|x86.Build.0 = Release|Any CPU
		{433B2851-C698-4878-9F9A-2639E307AE85}.Debug|Any CPU.ActiveCfg = Debug|Any CPU
		{433B2851-C698-4878-9F9A-2639E307AE85}.Debug|Any CPU.Build.0 = Debug|Any CPU
		{433B2851-C698-4878-9F9A-2639E307AE85}.Debug|x64.ActiveCfg = Debug|Any CPU
		{433B2851-C698-4878-9F9A-2639E307AE85}.Debug|x64.Build.0 = Debug|Any CPU
		{433B2851-C698-4878-9F9A-2639E307AE85}.Debug|x86.ActiveCfg = Debug|Any CPU
		{433B2851-C698-4878-9F9A-2639E307AE85}.Debug|x86.Build.0 = Debug|Any CPU
		{433B2851-C698-4878-9F9A-2639E307AE85}.Release|Any CPU.ActiveCfg = Release|Any CPU
		{433B2851-C698-4878-9F9A-2639E307AE85}.Release|Any CPU.Build.0 = Release|Any CPU
		{433B2851-C698-4878-9F9A-2639E307AE85}.Release|x64.ActiveCfg = Release|Any CPU
		{433B2851-C698-4878-9F9A-2639E307AE85}.Release|x64.Build.0 = Release|Any CPU
		{433B2851-C698-4878-9F9A-2639E307AE85}.Release|x86.ActiveCfg = Release|Any CPU
		{433B2851-C698-4878-9F9A-2639E307AE85}.Release|x86.Build.0 = Release|Any CPU
		{0299173E-54FE-4138-BC96-FE9A3E2C17A4}.Debug|Any CPU.ActiveCfg = Debug|Any CPU
		{0299173E-54FE-4138-BC96-FE9A3E2C17A4}.Debug|Any CPU.Build.0 = Debug|Any CPU
		{0299173E-54FE-4138-BC96-FE9A3E2C17A4}.Debug|x64.ActiveCfg = Debug|Any CPU
		{0299173E-54FE-4138-BC96-FE9A3E2C17A4}.Debug|x64.Build.0 = Debug|Any CPU
		{0299173E-54FE-4138-BC96-FE9A3E2C17A4}.Debug|x86.ActiveCfg = Debug|Any CPU
		{0299173E-54FE-4138-BC96-FE9A3E2C17A4}.Debug|x86.Build.0 = Debug|Any CPU
		{0299173E-54FE-4138-BC96-FE9A3E2C17A4}.Release|Any CPU.ActiveCfg = Release|Any CPU
		{0299173E-54FE-4138-BC96-FE9A3E2C17A4}.Release|Any CPU.Build.0 = Release|Any CPU
		{0299173E-54FE-4138-BC96-FE9A3E2C17A4}.Release|x64.ActiveCfg = Release|Any CPU
		{0299173E-54FE-4138-BC96-FE9A3E2C17A4}.Release|x64.Build.0 = Release|Any CPU
		{0299173E-54FE-4138-BC96-FE9A3E2C17A4}.Release|x86.ActiveCfg = Release|Any CPU
		{0299173E-54FE-4138-BC96-FE9A3E2C17A4}.Release|x86.Build.0 = Release|Any CPU
		{E3984094-D915-406A-9E93-6E07CFA103D6}.Debug|Any CPU.ActiveCfg = Debug|Any CPU
		{E3984094-D915-406A-9E93-6E07CFA103D6}.Debug|Any CPU.Build.0 = Debug|Any CPU
		{E3984094-D915-406A-9E93-6E07CFA103D6}.Debug|x64.ActiveCfg = Debug|Any CPU
		{E3984094-D915-406A-9E93-6E07CFA103D6}.Debug|x64.Build.0 = Debug|Any CPU
		{E3984094-D915-406A-9E93-6E07CFA103D6}.Debug|x86.ActiveCfg = Debug|Any CPU
		{E3984094-D915-406A-9E93-6E07CFA103D6}.Debug|x86.Build.0 = Debug|Any CPU
		{E3984094-D915-406A-9E93-6E07CFA103D6}.Release|Any CPU.ActiveCfg = Release|Any CPU
		{E3984094-D915-406A-9E93-6E07CFA103D6}.Release|Any CPU.Build.0 = Release|Any CPU
		{E3984094-D915-406A-9E93-6E07CFA103D6}.Release|x64.ActiveCfg = Release|Any CPU
		{E3984094-D915-406A-9E93-6E07CFA103D6}.Release|x64.Build.0 = Release|Any CPU
		{E3984094-D915-406A-9E93-6E07CFA103D6}.Release|x86.ActiveCfg = Release|Any CPU
		{E3984094-D915-406A-9E93-6E07CFA103D6}.Release|x86.Build.0 = Release|Any CPU
		{1B4E52F7-F9E3-40B2-8A39-15A7CC9C46BA}.Debug|Any CPU.ActiveCfg = Debug|Any CPU
		{1B4E52F7-F9E3-40B2-8A39-15A7CC9C46BA}.Debug|Any CPU.Build.0 = Debug|Any CPU
		{1B4E52F7-F9E3-40B2-8A39-15A7CC9C46BA}.Debug|x64.ActiveCfg = Debug|Any CPU
		{1B4E52F7-F9E3-40B2-8A39-15A7CC9C46BA}.Debug|x64.Build.0 = Debug|Any CPU
		{1B4E52F7-F9E3-40B2-8A39-15A7CC9C46BA}.Debug|x86.ActiveCfg = Debug|Any CPU
		{1B4E52F7-F9E3-40B2-8A39-15A7CC9C46BA}.Debug|x86.Build.0 = Debug|Any CPU
		{1B4E52F7-F9E3-40B2-8A39-15A7CC9C46BA}.Release|Any CPU.ActiveCfg = Release|Any CPU
		{1B4E52F7-F9E3-40B2-8A39-15A7CC9C46BA}.Release|Any CPU.Build.0 = Release|Any CPU
		{1B4E52F7-F9E3-40B2-8A39-15A7CC9C46BA}.Release|x64.ActiveCfg = Release|Any CPU
		{1B4E52F7-F9E3-40B2-8A39-15A7CC9C46BA}.Release|x64.Build.0 = Release|Any CPU
		{1B4E52F7-F9E3-40B2-8A39-15A7CC9C46BA}.Release|x86.ActiveCfg = Release|Any CPU
		{1B4E52F7-F9E3-40B2-8A39-15A7CC9C46BA}.Release|x86.Build.0 = Release|Any CPU
		{A54A123D-93F5-44A2-BF92-22093E70E6FC}.Debug|Any CPU.ActiveCfg = Debug|Any CPU
		{A54A123D-93F5-44A2-BF92-22093E70E6FC}.Debug|Any CPU.Build.0 = Debug|Any CPU
		{A54A123D-93F5-44A2-BF92-22093E70E6FC}.Debug|x64.ActiveCfg = Debug|Any CPU
		{A54A123D-93F5-44A2-BF92-22093E70E6FC}.Debug|x64.Build.0 = Debug|Any CPU
		{A54A123D-93F5-44A2-BF92-22093E70E6FC}.Debug|x86.ActiveCfg = Debug|Any CPU
		{A54A123D-93F5-44A2-BF92-22093E70E6FC}.Debug|x86.Build.0 = Debug|Any CPU
		{A54A123D-93F5-44A2-BF92-22093E70E6FC}.Release|Any CPU.ActiveCfg = Release|Any CPU
		{A54A123D-93F5-44A2-BF92-22093E70E6FC}.Release|Any CPU.Build.0 = Release|Any CPU
		{A54A123D-93F5-44A2-BF92-22093E70E6FC}.Release|x64.ActiveCfg = Release|Any CPU
		{A54A123D-93F5-44A2-BF92-22093E70E6FC}.Release|x64.Build.0 = Release|Any CPU
		{A54A123D-93F5-44A2-BF92-22093E70E6FC}.Release|x86.ActiveCfg = Release|Any CPU
		{A54A123D-93F5-44A2-BF92-22093E70E6FC}.Release|x86.Build.0 = Release|Any CPU
		{A3F53AFE-DDC0-44A9-85C9-D5DC20609047}.Debug|Any CPU.ActiveCfg = Debug|Any CPU
		{A3F53AFE-DDC0-44A9-85C9-D5DC20609047}.Debug|Any CPU.Build.0 = Debug|Any CPU
		{A3F53AFE-DDC0-44A9-85C9-D5DC20609047}.Debug|x64.ActiveCfg = Debug|Any CPU
		{A3F53AFE-DDC0-44A9-85C9-D5DC20609047}.Debug|x64.Build.0 = Debug|Any CPU
		{A3F53AFE-DDC0-44A9-85C9-D5DC20609047}.Debug|x86.ActiveCfg = Debug|Any CPU
		{A3F53AFE-DDC0-44A9-85C9-D5DC20609047}.Debug|x86.Build.0 = Debug|Any CPU
		{A3F53AFE-DDC0-44A9-85C9-D5DC20609047}.Release|Any CPU.ActiveCfg = Release|Any CPU
		{A3F53AFE-DDC0-44A9-85C9-D5DC20609047}.Release|Any CPU.Build.0 = Release|Any CPU
		{A3F53AFE-DDC0-44A9-85C9-D5DC20609047}.Release|x64.ActiveCfg = Release|Any CPU
		{A3F53AFE-DDC0-44A9-85C9-D5DC20609047}.Release|x64.Build.0 = Release|Any CPU
		{A3F53AFE-DDC0-44A9-85C9-D5DC20609047}.Release|x86.ActiveCfg = Release|Any CPU
		{A3F53AFE-DDC0-44A9-85C9-D5DC20609047}.Release|x86.Build.0 = Release|Any CPU
	EndGlobalSection
	GlobalSection(SolutionProperties) = preSolution
		HideSolutionNode = FALSE
	EndGlobalSection
	GlobalSection(NestedProjects) = preSolution
		{982C6003-301C-4254-BC95-E9D4E4744C60} = {1BE4B0C6-B11F-43DD-AA67-023D586041BA}
		{433B2851-C698-4878-9F9A-2639E307AE85} = {1BE4B0C6-B11F-43DD-AA67-023D586041BA}
		{0299173E-54FE-4138-BC96-FE9A3E2C17A4} = {1BE4B0C6-B11F-43DD-AA67-023D586041BA}
		{E3984094-D915-406A-9E93-6E07CFA103D6} = {1BE4B0C6-B11F-43DD-AA67-023D586041BA}
		{1B4E52F7-F9E3-40B2-8A39-15A7CC9C46BA} = {1BE4B0C6-B11F-43DD-AA67-023D586041BA}
		{A54A123D-93F5-44A2-BF92-22093E70E6FC} = {2A209F0A-D4CE-46CE-B5E5-19A40525A937}
		{A3F53AFE-DDC0-44A9-85C9-D5DC20609047} = {2A209F0A-D4CE-46CE-B5E5-19A40525A937}
	EndGlobalSection
	GlobalSection(ExtensibilityGlobals) = postSolution
		SolutionGuid = {0100FC12-04BB-48F3-8F8E-5E7410F31DD3}
	EndGlobalSection
EndGlobal
